
Microsoft Visual Studio Solution File, Format Version 12.00
# Visual Studio Version 17
VisualStudioVersion = 17.9.34714.143
MinimumVisualStudioVersion = 10.0.40219.1
Project("{9A19103F-16F7-4668-BE54-9A1E7A4F7556}") = "Threads", "Threads.csproj", "{AE5EE184-C2AA-48DE-9CE6-1E5E7CD0B45D}"
EndProject
Project("{FAE04EC0-301F-11D3-BF4B-00C04F79EFBC}") = "ImageProcessing", "..\ImageProcessing\ImageProcessing.csproj", "{07C117F8-B214-4F74-BB67-3E7147FCCF9B}"
EndProject
Global
	GlobalSection(SolutionConfigurationPlatforms) = preSolution
		Debug|Any CPU = Debug|Any CPU
		Release|Any CPU = Release|Any CPU
	EndGlobalSection
	GlobalSection(ProjectConfigurationPlatforms) = postSolution
		{AE5EE184-C2AA-48DE-9CE6-1E5E7CD0B45D}.Debug|Any CPU.ActiveCfg = Debug|Any CPU
		{AE5EE184-C2AA-48DE-9CE6-1E5E7CD0B45D}.Debug|Any CPU.Build.0 = Debug|Any CPU
		{AE5EE184-C2AA-48DE-9CE6-1E5E7CD0B45D}.Release|Any CPU.ActiveCfg = Release|Any CPU
		{AE5EE184-C2AA-48DE-9CE6-1E5E7CD0B45D}.Release|Any CPU.Build.0 = Release|Any CPU
		{07C117F8-B214-4F74-BB67-3E7147FCCF9B}.Debug|Any CPU.ActiveCfg = Debug|Any CPU
		{07C117F8-B214-4F74-BB67-3E7147FCCF9B}.Debug|Any CPU.Build.0 = Debug|Any CPU
		{07C117F8-B214-4F74-BB67-3E7147FCCF9B}.Release|Any CPU.ActiveCfg = Release|Any CPU
		{07C117F8-B214-4F74-BB67-3E7147FCCF9B}.Release|Any CPU.Build.0 = Release|Any CPU
	EndGlobalSection
	GlobalSection(SolutionProperties) = preSolution
		HideSolutionNode = FALSE
	EndGlobalSection
	GlobalSection(ExtensibilityGlobals) = postSolution
		SolutionGuid = {99004868-0472-48CE-B4F7-8FE82C715483}
	EndGlobalSection
EndGlobal
